// !$*UTF8*$!
{
	archiveVersion = 1;
	classes = {
	};
	objectVersion = 77;
	objects = {

/* Begin PBXBuildFile section */
		9F019E6830667B5100A18A16 /* Dependencies in Frameworks */ = {isa = PBXBuildFile; productRef = 9F019E6730667B5100A18A16 /* Dependencies */; };
		9F0FFAD330201D5A003B5755 /* ComposableArchitecture in Frameworks */ = {isa = PBXBuildFile; productRef = 9F0FFAD230201D5A003B5755 /* ComposableArchitecture */; };
		9F23675B3066240B002812DC /* domain.framework in Frameworks */ = {isa = PBXBuildFile; fileRef = 9F23675030662206002812DC /* domain.framework */; };
		9F7523E730667A74000AD160 /* CasePaths in Frameworks */ = {isa = PBXBuildFile; productRef = 9F7523E630667A74000AD160 /* CasePaths */; };
		9F7523E930667A74000AD160 /* CasePathsCore in Frameworks */ = {isa = PBXBuildFile; productRef = 9F7523E830667A74000AD160 /* CasePathsCore */; };
		9FBD157E3066216C002175B8 /* data.framework in Frameworks */ = {isa = PBXBuildFile; fileRef = 9FBD15753066211E002175B8 /* data.framework */; };
		9FBD157F3066217D002175B8 /* app_framework.framework in Frameworks */ = {isa = PBXBuildFile; fileRef = 9FBD15703066211E002175B8 /* app_framework.framework */; };
/* End PBXBuildFile section */

/* Begin PBXContainerItemProxy section */
		9F0FFA2D301F7CDA003B5755 /* PBXContainerItemProxy */ = {
			isa = PBXContainerItemProxy;
			containerPortal = 9F0FFA17301F7CD8003B5755 /* Project object */;
			proxyType = 1;
			remoteGlobalIDString = 9F0FFA1E301F7CD8003B5755;
			remoteInfo = "TmdbTCA-SwiftUI";
		};
		9F0FFA37301F7CDA003B5755 /* PBXContainerItemProxy */ = {
			isa = PBXContainerItemProxy;
			containerPortal = 9F0FFA17301F7CD8003B5755 /* Project object */;
			proxyType = 1;
			remoteGlobalIDString = 9F0FFA1E301F7CD8003B5755;
			remoteInfo = "TmdbTCA-SwiftUI";
		};
		9F23674F30662206002812DC /* PBXContainerItemProxy */ = {
			isa = PBXContainerItemProxy;
			containerPortal = 9FFD3125306615B700BE626C /* domain.xcodeproj */;
			proxyType = 2;
			remoteGlobalIDString = 9FFD310B306615B600BE626C;
			remoteInfo = domain;
		};
		9FBD156F3066211E002175B8 /* PBXContainerItemProxy */ = {
			isa = PBXContainerItemProxy;
			containerPortal = 9FFD31DD30661E8B00BE626C /* app_framework.xcodeproj */;
			proxyType = 2;
			remoteGlobalIDString = 9FFD31C330661E8B00BE626C;
			remoteInfo = app_framework;
		};
		9FBD15743066211E002175B8 /* PBXContainerItemProxy */ = {
			isa = PBXContainerItemProxy;
			containerPortal = 9FFD318630661B4F00BE626C /* data.xcodeproj */;
			proxyType = 2;
			remoteGlobalIDString = 9FFD316C30661B4E00BE626C;
			remoteInfo = data;
		};
/* End PBXContainerItemProxy section */

/* Begin PBXFileReference section */
		9F0FFA1F301F7CD8003B5755 /* TmdbTCA-SwiftUI.app */ = {isa = PBXFileReference; explicitFileType = wrapper.application; includeInIndex = 0; path = "TmdbTCA-SwiftUI.app"; sourceTree = BUILT_PRODUCTS_DIR; };
		9F0FFA2C301F7CDA003B5755 /* TmdbTCA-SwiftUITests.xctest */ = {isa = PBXFileReference; explicitFileType = wrapper.cfbundle; includeInIndex = 0; path = "TmdbTCA-SwiftUITests.xctest"; sourceTree = BUILT_PRODUCTS_DIR; };
		9F0FFA36301F7CDA003B5755 /* TmdbTCA-SwiftUIUITests.xctest */ = {isa = PBXFileReference; explicitFileType = wrapper.cfbundle; includeInIndex = 0; path = "TmdbTCA-SwiftUIUITests.xctest"; sourceTree = BUILT_PRODUCTS_DIR; };
		9FFD3125306615B700BE626C /* domain.xcodeproj */ = {isa = PBXFileReference; lastKnownFileType = "wrapper.pb-project"; name = domain.xcodeproj; path = domain/domain.xcodeproj; sourceTree = "<group>"; };
		9FFD318630661B4F00BE626C /* data.xcodeproj */ = {isa = PBXFileReference; lastKnownFileType = "wrapper.pb-project"; name = data.xcodeproj; path = data/data.xcodeproj; sourceTree = "<group>"; };
		9FFD31DD30661E8B00BE626C /* app_framework.xcodeproj */ = {isa = PBXFileReference; lastKnownFileType = "wrapper.pb-project"; name = app_framework.xcodeproj; path = app_framework/app_framework.xcodeproj; sourceTree = "<group>"; };
/* End PBXFileReference section */

/* Begin PBXFileSystemSynchronizedRootGroup section */
		9F0FFA21301F7CD8003B5755 /* TmdbTCA-SwiftUI */ = {
			isa = PBXFileSystemSynchronizedRootGroup;
			path = "TmdbTCA-SwiftUI";
			sourceTree = "<group>";
		};
		9F0FFA2F301F7CDA003B5755 /* TmdbTCA-SwiftUITests */ = {
			isa = PBXFileSystemSynchronizedRootGroup;
			path = "TmdbTCA-SwiftUITests";
			sourceTree = "<group>";
		};
		9F0FFA39301F7CDA003B5755 /* TmdbTCA-SwiftUIUITests */ = {
			isa = PBXFileSystemSynchronizedRootGroup;
			path = "TmdbTCA-SwiftUIUITests";
			sourceTree = "<group>";
		};
/* End PBXFileSystemSynchronizedRootGroup section */

/* Begin PBXFrameworksBuildPhase section */
		9F0FFA1C301F7CD8003B5755 /* Frameworks */ = {
			isa = PBXFrameworksBuildPhase;
			buildActionMask = 2147483647;
			files = (
				9F23675B3066240B002812DC /* domain.framework in Frameworks */,
				9FBD157F3066217D002175B8 /* app_framework.framework in Frameworks */,
				9F7523E930667A74000AD160 /* CasePathsCore in Frameworks */,
				9F019E6830667B5100A18A16 /* Dependencies in Frameworks */,
				9FBD157E3066216C002175B8 /* data.framework in Frameworks */,
				9F0FFAD330201D5A003B5755 /* ComposableArchitecture in Frameworks */,
				9F7523E730667A74000AD160 /* CasePaths in Frameworks */,
			);
			runOnlyForDeploymentPostprocessing = 0;
		};
		9F0FFA29301F7CDA003B5755 /* Frameworks */ = {
			isa = PBXFrameworksBuildPhase;
			buildActionMask = 2147483647;
			files = (
			);
			runOnlyForDeploymentPostprocessing = 0;
		};
		9F0FFA33301F7CDA003B5755 /* Frameworks */ = {
			isa = PBXFrameworksBuildPhase;
			buildActionMask = 2147483647;
			files = (
			);
			runOnlyForDeploymentPostprocessing = 0;
		};
/* End PBXFrameworksBuildPhase section */

/* Begin PBXGroup section */
		9F0FFA16301F7CD8003B5755 = {
			isa = PBXGroup;
			children = (
				9FFD31DD30661E8B00BE626C /* app_framework.xcodeproj */,
				9FFD318630661B4F00BE626C /* data.xcodeproj */,
				9FFD3125306615B700BE626C /* domain.xcodeproj */,
				9F0FFA21301F7CD8003B5755 /* TmdbTCA-SwiftUI */,
				9F0FFA2F301F7CDA003B5755 /* TmdbTCA-SwiftUITests */,
				9F0FFA39301F7CDA003B5755 /* TmdbTCA-SwiftUIUITests */,
				9FBD157D3066216C002175B8 /* Frameworks */,
				9F0FFA20301F7CD8003B5755 /* Products */,
			);
			sourceTree = "<group>";
		};
		9F0FFA20301F7CD8003B5755 /* Products */ = {
			isa = PBXGroup;
			children = (
				9F0FFA1F301F7CD8003B5755 /* TmdbTCA-SwiftUI.app */,
				9F0FFA2C301F7CDA003B5755 /* TmdbTCA-SwiftUITests.xctest */,
				9F0FFA36301F7CDA003B5755 /* TmdbTCA-SwiftUIUITests.xctest */,
			);
			name = Products;
			sourceTree = "<group>";
		};
		9FBD157D3066216C002175B8 /* Frameworks */ = {
			isa = PBXGroup;
			children = (
			);
			name = Frameworks;
			sourceTree = "<group>";
		};
		9FFD3126306615B700BE626C /* Products */ = {
			isa = PBXGroup;
			children = (
				9F23675030662206002812DC /* domain.framework */,
			);
			name = Products;
			sourceTree = "<group>";
		};
		9FFD318730661B4F00BE626C /* Products */ = {
			isa = PBXGroup;
			children = (
				9FBD15753066211E002175B8 /* data.framework */,
			);
			name = Products;
			sourceTree = "<group>";
		};
		9FFD31DE30661E8B00BE626C /* Products */ = {
			isa = PBXGroup;
			children = (
				9FBD15703066211E002175B8 /* app_framework.framework */,
			);
			name = Products;
			sourceTree = "<group>";
		};
/* End PBXGroup section */

/* Begin PBXNativeTarget section */
		9F0FFA1E301F7CD8003B5755 /* TmdbTCA-SwiftUI */ = {
			isa = PBXNativeTarget;
			buildConfigurationList = 9F0FFA40301F7CDA003B5755 /* Build configuration list for PBXNativeTarget "TmdbTCA-SwiftUI" */;
			buildPhases = (
				9F0FFA1B301F7CD8003B5755 /* Sources */,
				9F0FFA1C301F7CD8003B5755 /* Frameworks */,
				9F0FFA1D301F7CD8003B5755 /* Resources */,
			);
			buildRules = (
			);
			dependencies = (
			);
			fileSystemSynchronizedGroups = (
				9F0FFA21301F7CD8003B5755 /* TmdbTCA-SwiftUI */,
			);
			name = "TmdbTCA-SwiftUI";
			packageProductDependencies = (
				9F0FFAD230201D5A003B5755 /* ComposableArchitecture */,
				9F7523E630667A74000AD160 /* CasePaths */,
				9F7523E830667A74000AD160 /* CasePathsCore */,
				9F019E6730667B5100A18A16 /* Dependencies */,
			);
			productName = "TmdbTCA-SwiftUI";
			productReference = 9F0FFA1F301F7CD8003B5755 /* TmdbTCA-SwiftUI.app */;
			productType = "com.apple.product-type.application";
		};
		9F0FFA2B301F7CDA003B5755 /* TmdbTCA-SwiftUITests */ = {
			isa = PBXNativeTarget;
			buildConfigurationList = 9F0FFA43301F7CDA003B5755 /* Build configuration list for PBXNativeTarget "TmdbTCA-SwiftUITests" */;
			buildPhases = (
				9F0FFA28301F7CDA003B5755 /* Sources */,
				9F0FFA29301F7CDA003B5755 /* Frameworks */,
				9F0FFA2A301F7CDA003B5755 /* Resources */,
			);
			buildRules = (
			);
			dependencies = (
				9F0FFA2E301F7CDA003B5755 /* PBXTargetDependency */,
			);
			fileSystemSynchronizedGroups = (
				9F0FFA2F301F7CDA003B5755 /* TmdbTCA-SwiftUITests */,
			);
			name = "TmdbTCA-SwiftUITests";
			packageProductDependencies = (
			);
			productName = "TmdbTCA-SwiftUITests";
			productReference = 9F0FFA2C301F7CDA003B5755 /* TmdbTCA-SwiftUITests.xctest */;
			productType = "com.apple.product-type.bundle.unit-test";
		};
		9F0FFA35301F7CDA003B5755 /* TmdbTCA-SwiftUIUITests */ = {
			isa = PBXNativeTarget;
			buildConfigurationList = 9F0FFA46301F7CDA003B5755 /* Build configuration list for PBXNativeTarget "TmdbTCA-SwiftUIUITests" */;
			buildPhases = (
				9F0FFA32301F7CDA003B5755 /* Sources */,
				9F0FFA33301F7CDA003B5755 /* Frameworks */,
				9F0FFA34301F7CDA003B5755 /* Resources */,
			);
			buildRules = (
			);
			dependencies = (
				9F0FFA38301F7CDA003B5755 /* PBXTargetDependency */,
			);
			fileSystemSynchronizedGroups = (
				9F0FFA39301F7CDA003B5755 /* TmdbTCA-SwiftUIUITests */,
			);
			name = "TmdbTCA-SwiftUIUITests";
			packageProductDependencies = (
			);
			productName = "TmdbTCA-SwiftUIUITests";
			productReference = 9F0FFA36301F7CDA003B5755 /* TmdbTCA-SwiftUIUITests.xctest */;
			productType = "com.apple.product-type.bundle.ui-testing";
		};
/* End PBXNativeTarget section */

/* Begin PBXProject section */
		9F0FFA17301F7CD8003B5755 /* Project object */ = {
			isa = PBXProject;
			attributes = {
				BuildIndependentTargetsInParallel = 1;
				LastSwiftUpdateCheck = 1640;
				LastUpgradeCheck = 1640;
				TargetAttributes = {
					9F0FFA1E301F7CD8003B5755 = {
						CreatedOnToolsVersion = 16.4;
					};
					9F0FFA2B301F7CDA003B5755 = {
						CreatedOnToolsVersion = 16.4;
						TestTargetID = 9F0FFA1E301F7CD8003B5755;
					};
					9F0FFA35301F7CDA003B5755 = {
						CreatedOnToolsVersion = 16.4;
						TestTargetID = 9F0FFA1E301F7CD8003B5755;
					};
				};
			};
			buildConfigurationList = 9F0FFA1A301F7CD8003B5755 /* Build configuration list for PBXProject "TmdbTCA-SwiftUI" */;
			developmentRegion = en;
			hasScannedForEncodings = 0;
			knownRegions = (
				en,
				Base,
			);
			mainGroup = 9F0FFA16301F7CD8003B5755;
			minimizedProjectReferenceProxies = 1;
			packageReferences = (
				9F0FFAD130201D5A003B5755 /* XCRemoteSwiftPackageReference "swift-composable-architecture" */,
				9F7523E530667A74000AD160 /* XCRemoteSwiftPackageReference "swift-case-paths" */,
				9F019E6630667B5100A18A16 /* XCRemoteSwiftPackageReference "swift-dependencies" */,
			);
			preferredProjectObjectVersion = 77;
			productRefGroup = 9F0FFA20301F7CD8003B5755 /* Products */;
			projectDirPath = "";
			projectReferences = (
				{
					ProductGroup = 9FFD31DE30661E8B00BE626C /* Products */;
					ProjectRef = 9FFD31DD30661E8B00BE626C /* app_framework.xcodeproj */;
				},
				{
					ProductGroup = 9FFD318730661B4F00BE626C /* Products */;
					ProjectRef = 9FFD318630661B4F00BE626C /* data.xcodeproj */;
				},
				{
					ProductGroup = 9FFD3126306615B700BE626C /* Products */;
					ProjectRef = 9FFD3125306615B700BE626C /* domain.xcodeproj */;
				},
			);
			projectRoot = "";
			targets = (
				9F0FFA1E301F7CD8003B5755 /* TmdbTCA-SwiftUI */,
				9F0FFA2B301F7CDA003B5755 /* TmdbTCA-SwiftUITests */,
				9F0FFA35301F7CDA003B5755 /* TmdbTCA-SwiftUIUITests */,
			);
		};
/* End PBXProject section */

/* Begin PBXReferenceProxy section */
		9F23675030662206002812DC /* domain.framework */ = {
			isa = PBXReferenceProxy;
			fileType = wrapper.framework;
			path = domain.framework;
			remoteRef = 9F23674F30662206002812DC /* PBXContainerItemProxy */;
			sourceTree = BUILT_PRODUCTS_DIR;
		};
		9FBD15703066211E002175B8 /* app_framework.framework */ = {
			isa = PBXReferenceProxy;
			fileType = wrapper.framework;
			path = app_framework.framework;
			remoteRef = 9FBD156F3066211E002175B8 /* PBXContainerItemProxy */;
			sourceTree = BUILT_PRODUCTS_DIR;
		};
		9FBD15753066211E002175B8 /* data.framework */ = {
			isa = PBXReferenceProxy;
			fileType = wrapper.framework;
			path = data.framework;
			remoteRef = 9FBD15743066211E002175B8 /* PBXContainerItemProxy */;
			sourceTree = BUILT_PRODUCTS_DIR;
		};
/* End PBXReferenceProxy section */

/* Begin PBXResourcesBuildPhase section */
		9F0FFA1D301F7CD8003B5755 /* Resources */ = {
			isa = PBXResourcesBuildPhase;
			buildActionMask = 2147483647;
			files = (
			);
			runOnlyForDeploymentPostprocessing = 0;
		};
		9F0FFA2A301F7CDA003B5755 /* Resources */ = {
			isa = PBXResourcesBuildPhase;
			buildActionMask = 2147483647;
			files = (
			);
			runOnlyForDeploymentPostprocessing = 0;
		};
		9F0FFA34301F7CDA003B5755 /* Resources */ = {
			isa = PBXResourcesBuildPhase;
			buildActionMask = 2147483647;
			files = (
			);
			runOnlyForDeploymentPostprocessing = 0;
		};
/* End PBXResourcesBuildPhase section */

/* Begin PBXSourcesBuildPhase section */
		9F0FFA1B301F7CD8003B5755 /* Sources */ = {
			isa = PBXSourcesBuildPhase;
			buildActionMask = 2147483647;
			files = (
			);
			runOnlyForDeploymentPostprocessing = 0;
		};
		9F0FFA28301F7CDA003B5755 /* Sources */ = {
			isa = PBXSourcesBuildPhase;
			buildActionMask = 2147483647;
			files = (
			);
			runOnlyForDeploymentPostprocessing = 0;
		};
		9F0FFA32301F7CDA003B5755 /* Sources */ = {
			isa = PBXSourcesBuildPhase;
			buildActionMask = 2147483647;
			files = (
			);
			runOnlyForDeploymentPostprocessing = 0;
		};
/* End PBXSourcesBuildPhase section */

/* Begin PBXTargetDependency section */
		9F0FFA2E301F7CDA003B5755 /* PBXTargetDependency */ = {
			isa = PBXTargetDependency;
			target = 9F0FFA1E301F7CD8003B5755 /* TmdbTCA-SwiftUI */;
			targetProxy = 9F0FFA2D301F7CDA003B5755 /* PBXContainerItemProxy */;
		};
		9F0FFA38301F7CDA003B5755 /* PBXTargetDependency */ = {
			isa = PBXTargetDependency;
			target = 9F0FFA1E301F7CD8003B5755 /* TmdbTCA-SwiftUI */;
			targetProxy = 9F0FFA37301F7CDA003B5755 /* PBXContainerItemProxy */;
		};
/* End PBXTargetDependency section */

/* Begin XCBuildConfiguration section */
		9F0FFA3E301F7CDA003B5755 /* Debug */ = {
			isa = XCBuildConfiguration;
			buildSettings = {
				ALWAYS_SEARCH_USER_PATHS = NO;
				ASSETCATALOG_COMPILER_GENERATE_SWIFT_ASSET_SYMBOL_EXTENSIONS = YES;
				CLANG_ANALYZER_NONNULL = YES;
				CLANG_ANALYZER_NUMBER_OBJECT_CONVERSION = YES_AGGRESSIVE;
				CLANG_CXX_LANGUAGE_STANDARD = "gnu++20";
				CLANG_ENABLE_MODULES = YES;
				CLANG_ENABLE_OBJC_ARC = YES;
				CLANG_ENABLE_OBJC_WEAK = YES;
				CLANG_WARN_BLOCK_CAPTURE_AUTORELEASING = YES;
				CLANG_WARN_BOOL_CONVERSION = YES;
				CLANG_WARN_COMMA = YES;
				CLANG_WARN_CONSTANT_CONVERSION = YES;
				CLANG_WARN_DEPRECATED_OBJC_IMPLEMENTATIONS = YES;
				CLANG_WARN_DIRECT_OBJC_ISA_USAGE = YES_ERROR;
				CLANG_WARN_DOCUMENTATION_COMMENTS = YES;
				CLANG_WARN_EMPTY_BODY = YES;
				CLANG_WARN_ENUM_CONVERSION = YES;
				CLANG_WARN_INFINITE_RECURSION = YES;
				CLANG_WARN_INT_CONVERSION = YES;
				CLANG_WARN_NON_LITERAL_NULL_CONVERSION = YES;
				CLANG_WARN_OBJC_IMPLICIT_RETAIN_SELF = YES;
				CLANG_WARN_OBJC_LITERAL_CONVERSION = YES;
				CLANG_WARN_OBJC_ROOT_CLASS = YES_ERROR;
				CLANG_WARN_QUOTED_INCLUDE_IN_FRAMEWORK_HEADER = YES;
				CLANG_WARN_RANGE_LOOP_ANALYSIS = YES;
				CLANG_WARN_STRICT_PROTOTYPES = YES;
				CLANG_WARN_SUSPICIOUS_MOVE = YES;
				CLANG_WARN_UNGUARDED_AVAILABILITY = YES_AGGRESSIVE;
				CLANG_WARN_UNREACHABLE_CODE = YES;
				CLANG_WARN__DUPLICATE_METHOD_MATCH = YES;
				COPY_PHASE_STRIP = NO;
				DEBUG_INFORMATION_FORMAT = dwarf;
				ENABLE_STRICT_OBJC_MSGSEND = YES;
				ENABLE_TESTABILITY = YES;
				ENABLE_USER_SCRIPT_SANDBOXING = YES;
				GCC_C_LANGUAGE_STANDARD = gnu17;
				GCC_DYNAMIC_NO_PIC = NO;
				GCC_NO_COMMON_BLOCKS = YES;
				GCC_OPTIMIZATION_LEVEL = 0;
				GCC_PREPROCESSOR_DEFINITIONS = (
					"DEBUG=1",
					"$(inherited)",
				);
				GCC_WARN_64_TO_32_BIT_CONVERSION = YES;
				GCC_WARN_ABOUT_RETURN_TYPE = YES_ERROR;
				GCC_WARN_UNDECLARED_SELECTOR = YES;
				GCC_WARN_UNINITIALIZED_AUTOS = YES_AGGRESSIVE;
				GCC_WARN_UNUSED_FUNCTION = YES;
				GCC_WARN_UNUSED_VARIABLE = YES;
				IPHONEOS_DEPLOYMENT_TARGET = 18.5;
				LOCALIZATION_PREFERS_STRING_CATALOGS = YES;
				MTL_ENABLE_DEBUG_INFO = INCLUDE_SOURCE;
				MTL_FAST_MATH = YES;
				ONLY_ACTIVE_ARCH = YES;
				SDKROOT = iphoneos;
				SWIFT_ACTIVE_COMPILATION_CONDITIONS = "DEBUG $(inherited)";
				SWIFT_OPTIMIZATION_LEVEL = "-Onone";
			};
			name = Debug;
		};
		9F0FFA3F301F7CDA003B5755 /* Release */ = {
			isa = XCBuildConfiguration;
			buildSettings = {
				ALWAYS_SEARCH_USER_PATHS = NO;
				ASSETCATALOG_COMPILER_GENERATE_SWIFT_ASSET_SYMBOL_EXTENSIONS = YES;
				CLANG_ANALYZER_NONNULL = YES;
				CLANG_ANALYZER_NUMBER_OBJECT_CONVERSION = YES_AGGRESSIVE;
				CLANG_CXX_LANGUAGE_STANDARD = "gnu++20";
				CLANG_ENABLE_MODULES = YES;
				CLANG_ENABLE_OBJC_ARC = YES;
				CLANG_ENABLE_OBJC_WEAK = YES;
				CLANG_WARN_BLOCK_CAPTURE_AUTORELEASING = YES;
				CLANG_WARN_BOOL_CONVERSION = YES;
				CLANG_WARN_COMMA = YES;
				CLANG_WARN_CONSTANT_CONVERSION = YES;
				CLANG_WARN_DEPRECATED_OBJC_IMPLEMENTATIONS = YES;
				CLANG_WARN_DIRECT_OBJC_ISA_USAGE = YES_ERROR;
				CLANG_WARN_DOCUMENTATION_COMMENTS = YES;
				CLANG_WARN_EMPTY_BODY = YES;
				CLANG_WARN_ENUM_CONVERSION = YES;
				CLANG_WARN_INFINITE_RECURSION = YES;
				CLANG_WARN_INT_CONVERSION = YES;
				CLANG_WARN_NON_LITERAL_NULL_CONVERSION = YES;
				CLANG_WARN_OBJC_IMPLICIT_RETAIN_SELF = YES;
				CLANG_WARN_OBJC_LITERAL_CONVERSION = YES;
				CLANG_WARN_OBJC_ROOT_CLASS = YES_ERROR;
				CLANG_WARN_QUOTED_INCLUDE_IN_FRAMEWORK_HEADER = YES;
				CLANG_WARN_RANGE_LOOP_ANALYSIS = YES;
				CLANG_WARN_STRICT_PROTOTYPES = YES;
				CLANG_WARN_SUSPICIOUS_MOVE = YES;
				CLANG_WARN_UNGUARDED_AVAILABILITY = YES_AGGRESSIVE;
				CLANG_WARN_UNREACHABLE_CODE = YES;
				CLANG_WARN__DUPLICATE_METHOD_MATCH = YES;
				COPY_PHASE_STRIP = NO;
				DEBUG_INFORMATION_FORMAT = "dwarf-with-dsym";
				ENABLE_NS_ASSERTIONS = NO;
				ENABLE_STRICT_OBJC_MSGSEND = YES;
				ENABLE_USER_SCRIPT_SANDBOXING = YES;
				GCC_C_LANGUAGE_STANDARD = gnu17;
				GCC_NO_COMMON_BLOCKS = YES;
				GCC_WARN_64_TO_32_BIT_CONVERSION = YES;
				GCC_WARN_ABOUT_RETURN_TYPE = YES_ERROR;
				GCC_WARN_UNDECLARED_SELECTOR = YES;
				GCC_WARN_UNINITIALIZED_AUTOS = YES_AGGRESSIVE;
				GCC_WARN_UNUSED_FUNCTION = YES;
				GCC_WARN_UNUSED_VARIABLE = YES;
				IPHONEOS_DEPLOYMENT_TARGET = 18.5;
				LOCALIZATION_PREFERS_STRING_CATALOGS = YES;
				MTL_ENABLE_DEBUG_INFO = NO;
				MTL_FAST_MATH = YES;
				SDKROOT = iphoneos;
				SWIFT_COMPILATION_MODE = wholemodule;
				VALIDATE_PRODUCT = YES;
			};
			name = Release;
		};
		9F0FFA41301F7CDA003B5755 /* Debug */ = {
			isa = XCBuildConfiguration;
			buildSettings = {
				ASSETCATALOG_COMPILER_APPICON_NAME = AppIcon;
				ASSETCATALOG_COMPILER_GLOBAL_ACCENT_COLOR_NAME = AccentColor;
				CODE_SIGN_STYLE = Automatic;
				CURRENT_PROJECT_VERSION = 1;
				ENABLE_PREVIEWS = YES;
				GENERATE_INFOPLIST_FILE = YES;
				INFOPLIST_KEY_UIApplicationSceneManifest_Generation = YES;
				INFOPLIST_KEY_UIApplicationSupportsIndirectInputEvents = YES;
				INFOPLIST_KEY_UILaunchScreen_Generation = YES;
				INFOPLIST_KEY_UISupportedInterfaceOrientations_iPad = "UIInterfaceOrientationPortrait UIInterfaceOrientationPortraitUpsideDown UIInterfaceOrientationLandscapeLeft UIInterfaceOrientationLandscapeRight";
				INFOPLIST_KEY_UISupportedInterfaceOrientations_iPhone = "UIInterfaceOrientationPortrait UIInterfaceOrientationLandscapeLeft UIInterfaceOrientationLandscapeRight";
				LD_RUNPATH_SEARCH_PATHS = (
					"$(inherited)",
					"@executable_path/Frameworks",
				);
				MARKETING_VERSION = 1.0;
				PRODUCT_BUNDLE_IDENTIFIER = "com.dpfht.ios.TmdbTCA-SwiftUI";
				PRODUCT_NAME = "$(TARGET_NAME)";
				SWIFT_EMIT_LOC_STRINGS = YES;
				SWIFT_VERSION = 5.0;
				TARGETED_DEVICE_FAMILY = "1,2";
			};
			name = Debug;
		};
		9F0FFA42301F7CDA003B5755 /* Release */ = {
			isa = XCBuildConfiguration;
			buildSettings = {
				ASSETCATALOG_COMPILER_APPICON_NAME = AppIcon;
				ASSETCATALOG_COMPILER_GLOBAL_ACCENT_COLOR_NAME = AccentColor;
				CODE_SIGN_STYLE = Automatic;
				CURRENT_PROJECT_VERSION = 1;
				ENABLE_PREVIEWS = YES;
				GENERATE_INFOPLIST_FILE = YES;
				INFOPLIST_KEY_UIApplicationSceneManifest_Generation = YES;
				INFOPLIST_KEY_UIApplicationSupportsIndirectInputEvents = YES;
				INFOPLIST_KEY_UILaunchScreen_Generation = YES;
				INFOPLIST_KEY_UISupportedInterfaceOrientations_iPad = "UIInterfaceOrientationPortrait UIInterfaceOrientationPortraitUpsideDown UIInterfaceOrientationLandscapeLeft UIInterfaceOrientationLandscapeRight";
				INFOPLIST_KEY_UISupportedInterfaceOrientations_iPhone = "UIInterfaceOrientationPortrait UIInterfaceOrientationLandscapeLeft UIInterfaceOrientationLandscapeRight";
				LD_RUNPATH_SEARCH_PATHS = (
					"$(inherited)",
					"@executable_path/Frameworks",
				);
				MARKETING_VERSION = 1.0;
				PRODUCT_BUNDLE_IDENTIFIER = "com.dpfht.ios.TmdbTCA-SwiftUI";
				PRODUCT_NAME = "$(TARGET_NAME)";
				SWIFT_EMIT_LOC_STRINGS = YES;
				SWIFT_VERSION = 5.0;
				TARGETED_DEVICE_FAMILY = "1,2";
			};
			name = Release;
		};
		9F0FFA44301F7CDA003B5755 /* Debug */ = {
			isa = XCBuildConfiguration;
			buildSettings = {
				BUNDLE_LOADER = "$(TEST_HOST)";
				CODE_SIGN_STYLE = Automatic;
				CURRENT_PROJECT_VERSION = 1;
				GENERATE_INFOPLIST_FILE = YES;
				IPHONEOS_DEPLOYMENT_TARGET = 18.5;
				MARKETING_VERSION = 1.0;
				PRODUCT_BUNDLE_IDENTIFIER = "com.dpfht.ios.TmdbTCA-SwiftUITests";
				PRODUCT_NAME = "$(TARGET_NAME)";
				SWIFT_EMIT_LOC_STRINGS = NO;
				SWIFT_VERSION = 5.0;
				TARGETED_DEVICE_FAMILY = "1,2";
				TEST_HOST = "$(BUILT_PRODUCTS_DIR)/TmdbTCA-SwiftUI.app/$(BUNDLE_EXECUTABLE_FOLDER_PATH)/TmdbTCA-SwiftUI";
			};
			name = Debug;
		};
		9F0FFA45301F7CDA003B5755 /* Release */ = {
			isa = XCBuildConfiguration;
			buildSettings = {
				BUNDLE_LOADER = "$(TEST_HOST)";
				CODE_SIGN_STYLE = Automatic;
				CURRENT_PROJECT_VERSION = 1;
				GENERATE_INFOPLIST_FILE = YES;
				IPHONEOS_DEPLOYMENT_TARGET = 18.5;
				MARKETING_VERSION = 1.0;
				PRODUCT_BUNDLE_IDENTIFIER = "com.dpfht.ios.TmdbTCA-SwiftUITests";
				PRODUCT_NAME = "$(TARGET_NAME)";
				SWIFT_EMIT_LOC_STRINGS = NO;
				SWIFT_VERSION = 5.0;
				TARGETED_DEVICE_FAMILY = "1,2";
				TEST_HOST = "$(BUILT_PRODUCTS_DIR)/TmdbTCA-SwiftUI.app/$(BUNDLE_EXECUTABLE_FOLDER_PATH)/TmdbTCA-SwiftUI";
			};
			name = Release;
		};
		9F0FFA47301F7CDA003B5755 /* Debug */ = {
			isa = XCBuildConfiguration;
			buildSettings = {
				CODE_SIGN_STYLE = Automatic;
				CURRENT_PROJECT_VERSION = 1;
				GENERATE_INFOPLIST_FILE = YES;
				MARKETING_VERSION = 1.0;
				PRODUCT_BUNDLE_IDENTIFIER = "com.dpfht.ios.TmdbTCA-SwiftUIUITests";
				PRODUCT_NAME = "$(TARGET_NAME)";
				SWIFT_EMIT_LOC_STRINGS = NO;
				SWIFT_VERSION = 5.0;
				TARGETED_DEVICE_FAMILY = "1,2";
				TEST_TARGET_NAME = "TmdbTCA-SwiftUI";
			};
			name = Debug;
		};
		9F0FFA48301F7CDA003B5755 /* Release */ = {
			isa = XCBuildConfiguration;
			buildSettings = {
				CODE_SIGN_STYLE = Automatic;
				CURRENT_PROJECT_VERSION = 1;
				GENERATE_INFOPLIST_FILE = YES;
				MARKETING_VERSION = 1.0;
				PRODUCT_BUNDLE_IDENTIFIER = "com.dpfht.ios.TmdbTCA-SwiftUIUITests";
				PRODUCT_NAME = "$(TARGET_NAME)";
				SWIFT_EMIT_LOC_STRINGS = NO;
				SWIFT_VERSION = 5.0;
				TARGETED_DEVICE_FAMILY = "1,2";
				TEST_TARGET_NAME = "TmdbTCA-SwiftUI";
			};
			name = Release;
		};
/* End XCBuildConfiguration section */

/* Begin XCConfigurationList section */
		9F0FFA1A301F7CD8003B5755 /* Build configuration list for PBXProject "TmdbTCA-SwiftUI" */ = {
			isa = XCConfigurationList;
			buildConfigurations = (
				9F0FFA3E301F7CDA003B5755 /* Debug */,
				9F0FFA3F301F7CDA003B5755 /* Release */,
			);
			defaultConfigurationIsVisible = 0;
			defaultConfigurationName = Release;
		};
		9F0FFA40301F7CDA003B5755 /* Build configuration list for PBXNativeTarget "TmdbTCA-SwiftUI" */ = {
			isa = XCConfigurationList;
			buildConfigurations = (
				9F0FFA41301F7CDA003B5755 /* Debug */,
				9F0FFA42301F7CDA003B5755 /* Release */,
			);
			defaultConfigurationIsVisible = 0;
			defaultConfigurationName = Release;
		};
		9F0FFA43301F7CDA003B5755 /* Build configuration list for PBXNativeTarget "TmdbTCA-SwiftUITests" */ = {
			isa = XCConfigurationList;
			buildConfigurations = (
				9F0FFA44301F7CDA003B5755 /* Debug */,
				9F0FFA45301F7CDA003B5755 /* Release */,
			);
			defaultConfigurationIsVisible = 0;
			defaultConfigurationName = Release;
		};
		9F0FFA46301F7CDA003B5755 /* Build configuration list for PBXNativeTarget "TmdbTCA-SwiftUIUITests" */ = {
			isa = XCConfigurationList;
			buildConfigurations = (
				9F0FFA47301F7CDA003B5755 /* Debug */,
				9F0FFA48301F7CDA003B5755 /* Release */,
			);
			defaultConfigurationIsVisible = 0;
			defaultConfigurationName = Release;
		};
/* End XCConfigurationList section */

/* Begin XCRemoteSwiftPackageReference section */
		9F019E6630667B5100A18A16 /* XCRemoteSwiftPackageReference "swift-dependencies" */ = {
			isa = XCRemoteSwiftPackageReference;
			repositoryURL = "https://github.com/pointfreeco/swift-dependencies";
			requirement = {
				kind = upToNextMajorVersion;
				minimumVersion = 1.17.1;
			};
		};
		9F0FFAD130201D5A003B5755 /* XCRemoteSwiftPackageReference "swift-composable-architecture" */ = {
			isa = XCRemoteSwiftPackageReference;
			repositoryURL = "https://github.com/pointfreeco/swift-composable-architecture";
			requirement = {
				kind = upToNextMajorVersion;
				minimumVersion = 1.26.1;
			};
		};
		9F7523E530667A74000AD160 /* XCRemoteSwiftPackageReference "swift-case-paths" */ = {
			isa = XCRemoteSwiftPackageReference;
			repositoryURL = "https://github.com/pointfreeco/swift-case-paths";
			requirement = {
				kind = upToNextMajorVersion;
				minimumVersion = 1.10.0;
			};
		};
/* End XCRemoteSwiftPackageReference section */

/* Begin XCSwiftPackageProductDependency section */
		9F019E6730667B5100A18A16 /* Dependencies */ = {
			isa = XCSwiftPackageProductDependency;
			package = 9F019E6630667B5100A18A16 /* XCRemoteSwiftPackageReference "swift-dependencies" */;
			productName = Dependencies;
		};
		9F0FFAD230201D5A003B5755 /* ComposableArchitecture */ = {
			isa = XCSwiftPackageProductDependency;
			package = 9F0FFAD130201D5A003B5755 /* XCRemoteSwiftPackageReference "swift-composable-architecture" */;
			productName = ComposableArchitecture;
		};
		9F7523E630667A74000AD160 /* CasePaths */ = {
			isa = XCSwiftPackageProductDependency;
			package = 9F7523E530667A74000AD160 /* XCRemoteSwiftPackageReference "swift-case-paths" */;
			productName = CasePaths;
		};
		9F7523E830667A74000AD160 /* CasePathsCore */ = {
			isa = XCSwiftPackageProductDependency;
			package = 9F7523E530667A74000AD160 /* XCRemoteSwiftPackageReference "swift-case-paths" */;
			productName = CasePathsCore;
		};
/* End XCSwiftPackageProductDependency section */
	};
	rootObject = 9F0FFA17301F7CD8003B5755 /* Project object */;
}
